
Microsoft Visual Studio Solution File, Format Version 12.00
# Visual Studio Version 16
VisualStudioVersion = 16.0.810.21
MinimumVisualStudioVersion = 10.0.40219.1
Project("{FAE04EC0-301F-11D3-BF4B-00C04F79EFBC}") = "DSLinkedList", "DSLinkedList.csproj", "{AFF07272-3EB7-484B-B177-2FDC962C8B01}"
EndProject
Global
	GlobalSection(SolutionConfigurationPlatforms) = preSolution
		Debug|Any CPU = Debug|Any CPU
		Release|Any CPU = Release|Any CPU
	EndGlobalSection
	GlobalSection(ProjectConfigurationPlatforms) = postSolution
		{AFF07272-3EB7-484B-B177-2FDC962C8B01}.Debug|Any CPU.ActiveCfg = Debug|Any CPU
		{AFF07272-3EB7-484B-B177-2FDC962C8B01}.Debug|Any CPU.Build.0 = Debug|Any CPU
		{AFF07272-3EB7-484B-B177-2FDC962C8B01}.Release|Any CPU.ActiveCfg = Release|Any CPU
		{AFF07272-3EB7-484B-B177-2FDC962C8B01}.Release|Any CPU.Build.0 = Release|Any CPU
	EndGlobalSection
	GlobalSection(SolutionProperties) = preSolution
		HideSolutionNode = FALSE
	EndGlobalSection
	GlobalSection(ExtensibilityGlobals) = postSolution
		SolutionGuid = {2D127B1F-E6B2-446B-869C-E28D8597A667}
	EndGlobalSection
EndGlobal
